
Microsoft Visual Studio Solution File, Format Version 12.00
# Visual Studio Version 17
VisualStudioVersion = 17.9.34622.214
MinimumVisualStudioVersion = 10.0.40219.1
Project("{9A19103F-16F7-4668-BE54-9A1E7A4F7556}") = "Divar", "Divar\Divar.csproj", "{F9344950-375D-4234-8DCA-F465286BED69}"
EndProject
Project("{9A19103F-16F7-4668-BE54-9A1E7A4F7556}") = "Divar.Application", "Divar.Application\Divar.Application.csproj", "{33330B5F-BF7A-469F-9398-2275D8189496}"
EndProject
Project("{9A19103F-16F7-4668-BE54-9A1E7A4F7556}") = "Divar.Core", "Divar.Core\Divar.Core.csproj", "{036F4961-FBEB-43AF-9D94-347CE7524007}"
EndProject
Project("{2150E333-8FDC-42A3-9474-1A3956D46DE8}") = "01-Domain", "01-Domain", "{CA96F4EF-E04C-4825-843F-A5FF9B1242CD}"
EndProject
Project("{2150E333-8FDC-42A3-9474-1A3956D46DE8}") = "02-Infrastracture", "02-Infrastracture", "{884D6532-56B8-47E6-8998-E1B8EC1E02DD}"
EndProject
Project("{2150E333-8FDC-42A3-9474-1A3956D46DE8}") = "03-EndPoint", "03-EndPoint", "{E8B1B7FD-CBA7-4F12-A07E-B1556C3C7AA9}"
EndProject
Project("{2150E333-8FDC-42A3-9474-1A3956D46DE8}") = "Core", "Core", "{62B1B1DD-A65E-4D32-871A-08EABD8D81F3}"
EndProject
Project("{2150E333-8FDC-42A3-9474-1A3956D46DE8}") = "Services (Application)", "Services (Application)", "{3D5F69ED-B7EA-4D6F-AE69-543CDAC7C2A5}"
EndProject
Project("{2150E333-8FDC-42A3-9474-1A3956D46DE8}") = "DataAccess", "DataAccess", "{76B2E32B-5E1F-47B1-A1C0-8779DAE9DACA}"
EndProject
Project("{2150E333-8FDC-42A3-9474-1A3956D46DE8}") = "DbContext", "DbContext", "{596D8F6D-2DBC-47A7-A12C-F074B5D7C790}"
EndProject
Project("{2150E333-8FDC-42A3-9474-1A3956D46DE8}") = "APIs", "APIs", "{709B1D92-70A4-4378-81BB-8732C85BD613}"
EndProject
Project("{2150E333-8FDC-42A3-9474-1A3956D46DE8}") = "UI", "UI", "{D58965A8-D470-495B-A492-E21EBE4694D2}"
EndProject
Project("{9A19103F-16F7-4668-BE54-9A1E7A4F7556}") = "App.Domain.Core", "App.Domain.Core\App.Domain.Core.csproj", "{317E5B89-D1F9-4D62-A9C3-F986A0525DFA}"
EndProject
Project("{9A19103F-16F7-4668-BE54-9A1E7A4F7556}") = "App.Domain.Services", "App.Domain.Services\App.Domain.Services.csproj", "{DCE79554-4917-4B92-9743-633D812D1C6C}"
EndProject
Project("{9A19103F-16F7-4668-BE54-9A1E7A4F7556}") = "App.Infra.Data.Repo.EF.Sql", "App.Infra.Data.Repo.EF.Sql\App.Infra.Data.Repo.EF.Sql.csproj", "{6722F19F-A2CC-4752-82BE-71C6E83DF947}"
EndProject
Project("{9A19103F-16F7-4668-BE54-9A1E7A4F7556}") = "App.Infra.Db.EF.Sql", "App.Infra.Db.EF.Sql\App.Infra.Db.EF.Sql.csproj", "{729F2126-05E4-471E-B36B-71599A25F9C3}"
EndProject
Global
	GlobalSection(SolutionConfigurationPlatforms) = preSolution
		Debug|Any CPU = Debug|Any CPU
		Release|Any CPU = Release|Any CPU
	EndGlobalSection
	GlobalSection(ProjectConfigurationPlatforms) = postSolution
		{F9344950-375D-4234-8DCA-F465286BED69}.Debug|Any CPU.ActiveCfg = Debug|Any CPU
		{F9344950-375D-4234-8DCA-F465286BED69}.Debug|Any CPU.Build.0 = Debug|Any CPU
		{F9344950-375D-4234-8DCA-F465286BED69}.Release|Any CPU.ActiveCfg = Release|Any CPU
		{F9344950-375D-4234-8DCA-F465286BED69}.Release|Any CPU.Build.0 = Release|Any CPU
		{33330B5F-BF7A-469F-9398-2275D8189496}.Debug|Any CPU.ActiveCfg = Debug|Any CPU
		{33330B5F-BF7A-469F-9398-2275D8189496}.Debug|Any CPU.Build.0 = Debug|Any CPU
		{33330B5F-BF7A-469F-9398-2275D8189496}.Release|Any CPU.ActiveCfg = Release|Any CPU
		{33330B5F-BF7A-469F-9398-2275D8189496}.Release|Any CPU.Build.0 = Release|Any CPU
		{036F4961-FBEB-43AF-9D94-347CE7524007}.Debug|Any CPU.ActiveCfg = Debug|Any CPU
		{036F4961-FBEB-43AF-9D94-347CE7524007}.Debug|Any CPU.Build.0 = Debug|Any CPU
		{036F4961-FBEB-43AF-9D94-347CE7524007}.Release|Any CPU.ActiveCfg = Release|Any CPU
		{036F4961-FBEB-43AF-9D94-347CE7524007}.Release|Any CPU.Build.0 = Release|Any CPU
		{317E5B89-D1F9-4D62-A9C3-F986A0525DFA}.Debug|Any CPU.ActiveCfg = Debug|Any CPU
		{317E5B89-D1F9-4D62-A9C3-F986A0525DFA}.Debug|Any CPU.Build.0 = Debug|Any CPU
		{317E5B89-D1F9-4D62-A9C3-F986A0525DFA}.Release|Any CPU.ActiveCfg = Release|Any CPU
		{317E5B89-D1F9-4D62-A9C3-F986A0525DFA}.Release|Any CPU.Build.0 = Release|Any CPU
		{DCE79554-4917-4B92-9743-633D812D1C6C}.Debug|Any CPU.ActiveCfg = Debug|Any CPU
		{DCE79554-4917-4B92-9743-633D812D1C6C}.Debug|Any CPU.Build.0 = Debug|Any CPU
		{DCE79554-4917-4B92-9743-633D812D1C6C}.Release|Any CPU.ActiveCfg = Release|Any CPU
		{DCE79554-4917-4B92-9743-633D812D1C6C}.Release|Any CPU.Build.0 = Release|Any CPU
		{6722F19F-A2CC-4752-82BE-71C6E83DF947}.Debug|Any CPU.ActiveCfg = Debug|Any CPU
		{6722F19F-A2CC-4752-82BE-71C6E83DF947}.Debug|Any CPU.Build.0 = Debug|Any CPU
		{6722F19F-A2CC-4752-82BE-71C6E83DF947}.Release|Any CPU.ActiveCfg = Release|Any CPU
		{6722F19F-A2CC-4752-82BE-71C6E83DF947}.Release|Any CPU.Build.0 = Release|Any CPU
		{729F2126-05E4-471E-B36B-71599A25F9C3}.Debug|Any CPU.ActiveCfg = Debug|Any CPU
		{729F2126-05E4-471E-B36B-71599A25F9C3}.Debug|Any CPU.Build.0 = Debug|Any CPU
		{729F2126-05E4-471E-B36B-71599A25F9C3}.Release|Any CPU.ActiveCfg = Release|Any CPU
		{729F2126-05E4-471E-B36B-71599A25F9C3}.Release|Any CPU.Build.0 = Release|Any CPU
	EndGlobalSection
	GlobalSection(SolutionProperties) = preSolution
		HideSolutionNode = FALSE
	EndGlobalSection
	GlobalSection(NestedProjects) = preSolution
		{F9344950-375D-4234-8DCA-F465286BED69} = {D58965A8-D470-495B-A492-E21EBE4694D2}
		{62B1B1DD-A65E-4D32-871A-08EABD8D81F3} = {CA96F4EF-E04C-4825-843F-A5FF9B1242CD}
		{3D5F69ED-B7EA-4D6F-AE69-543CDAC7C2A5} = {CA96F4EF-E04C-4825-843F-A5FF9B1242CD}
		{76B2E32B-5E1F-47B1-A1C0-8779DAE9DACA} = {884D6532-56B8-47E6-8998-E1B8EC1E02DD}
		{596D8F6D-2DBC-47A7-A12C-F074B5D7C790} = {884D6532-56B8-47E6-8998-E1B8EC1E02DD}
		{709B1D92-70A4-4378-81BB-8732C85BD613} = {E8B1B7FD-CBA7-4F12-A07E-B1556C3C7AA9}
		{D58965A8-D470-495B-A492-E21EBE4694D2} = {E8B1B7FD-CBA7-4F12-A07E-B1556C3C7AA9}
		{317E5B89-D1F9-4D62-A9C3-F986A0525DFA} = {62B1B1DD-A65E-4D32-871A-08EABD8D81F3}
		{DCE79554-4917-4B92-9743-633D812D1C6C} = {3D5F69ED-B7EA-4D6F-AE69-543CDAC7C2A5}
		{6722F19F-A2CC-4752-82BE-71C6E83DF947} = {76B2E32B-5E1F-47B1-A1C0-8779DAE9DACA}
		{729F2126-05E4-471E-B36B-71599A25F9C3} = {596D8F6D-2DBC-47A7-A12C-F074B5D7C790}
	EndGlobalSection
	GlobalSection(ExtensibilityGlobals) = postSolution
		SolutionGuid = {D3D32FE5-28AD-4018-A616-DDDC378CA653}
	EndGlobalSection
EndGlobal
